// !$*UTF8*$!
{
	archiveVersion = 1;
	classes = {
	};
	objectVersion = 77;
	objects = {

/* Begin PBXBuildFile section */
		4C0932EC2E15BA71008A2AFC /* HomeViewModel.swift in Sources */ = {isa = PBXBuildFile; fileRef = 4C0932EB2E15BA6C008A2AFC /* HomeViewModel.swift */; };
		4C0932F02E15BB09008A2AFC /* HomeService.swift in Sources */ = {isa = PBXBuildFile; fileRef = 4C0932EF2E15BB06008A2AFC /* HomeService.swift */; };
		4C0932F32E15BB44008A2AFC /* Dependencies.swift in Sources */ = {isa = PBXBuildFile; fileRef = 4C0932F22E15BB40008A2AFC /* Dependencies.swift */; };
		4C0932F52E15BB4E008A2AFC /* DependencyInjection.swift in Sources */ = {isa = PBXBuildFile; fileRef = 4C0932F42E15BB4E008A2AFC /* DependencyInjection.swift */; };
		4C0932FD2E15E7B4008A2AFC /* HirerarchyItem.swift in Sources */ = {isa = PBXBuildFile; fileRef = 4C0932FC2E15E7AE008A2AFC /* HirerarchyItem.swift */; };
		4C1408C22E148ED7005EF4F6 /* HomeView.swift in Sources */ = {isa = PBXBuildFile; fileRef = 4C1408BF2E148ED6005EF4F6 /* HomeView.swift */; };
		4C1408C32E148ED7005EF4F6 /* SampleAppChallangeApp.swift in Sources */ = {isa = PBXBuildFile; fileRef = 4C1408C02E148ED6005EF4F6 /* SampleAppChallangeApp.swift */; };
		4C1408C42E148ED7005EF4F6 /* Assets.xcassets in Resources */ = {isa = PBXBuildFile; fileRef = 4C1408BE2E148ED6005EF4F6 /* Assets.xcassets */; };
		4C1408C72E148EDA005EF4F6 /* SampleAppChallangeTests.swift in Sources */ = {isa = PBXBuildFile; fileRef = 4C1408C52E148EDA005EF4F6 /* SampleAppChallangeTests.swift */; };
		4C1408CB2E148EDC005EF4F6 /* SampleAppChallangeUITests.swift in Sources */ = {isa = PBXBuildFile; fileRef = 4C1408C82E148EDC005EF4F6 /* SampleAppChallangeUITests.swift */; };
		4C1408CC2E148EDC005EF4F6 /* SampleAppChallangeUITestsLaunchTests.swift in Sources */ = {isa = PBXBuildFile; fileRef = 4C1408C92E148EDC005EF4F6 /* SampleAppChallangeUITestsLaunchTests.swift */; };
		4C1408CE2E148F00005EF4F6 /* QuestionModel.swift in Sources */ = {isa = PBXBuildFile; fileRef = 4C1408CD2E148EE4005EF4F6 /* QuestionModel.swift */; };
		4C1408D02E1490D7005EF4F6 /* SectionModel.swift in Sources */ = {isa = PBXBuildFile; fileRef = 4C1408CF2E1490D3005EF4F6 /* SectionModel.swift */; };
		4C1408D22E14911D005EF4F6 /* PageModel.swift in Sources */ = {isa = PBXBuildFile; fileRef = 4C1408D12E14911A005EF4F6 /* PageModel.swift */; };
		4C1408D52E152E85005EF4F6 /* Request.swift in Sources */ = {isa = PBXBuildFile; fileRef = 4C1408D42E152E83005EF4F6 /* Request.swift */; };
		4C1408D72E152F54005EF4F6 /* RequestError.swift in Sources */ = {isa = PBXBuildFile; fileRef = 4C1408D62E152F51005EF4F6 /* RequestError.swift */; };
		4C1408D92E153049005EF4F6 /* Network.swift in Sources */ = {isa = PBXBuildFile; fileRef = 4C1408D82E153047005EF4F6 /* Network.swift */; };
		4C1408DB2E1533B2005EF4F6 /* ApiService.swift in Sources */ = {isa = PBXBuildFile; fileRef = 4C1408DA2E1533AF005EF4F6 /* ApiService.swift */; };
		4CF647CE2E17085E00F58316 /* FullImageView.swift in Sources */ = {isa = PBXBuildFile; fileRef = 4CF647CD2E17084F00F58316 /* FullImageView.swift */; };
		4CF647D12E17157F00F58316 /* PageView.swift in Sources */ = {isa = PBXBuildFile; fileRef = 4CF647D02E17157B00F58316 /* PageView.swift */; };
		4CF647D32E17166600F58316 /* Constants.swift in Sources */ = {isa = PBXBuildFile; fileRef = 4CF647D22E17165E00F58316 /* Constants.swift */; };
		4CF647D52E17179C00F58316 /* HierarchyNodeView.swift in Sources */ = {isa = PBXBuildFile; fileRef = 4CF647D42E17179500F58316 /* HierarchyNodeView.swift */; };
		4CF647D72E17180E00F58316 /* SectionView.swift in Sources */ = {isa = PBXBuildFile; fileRef = 4CF647D62E17180B00F58316 /* SectionView.swift */; };
		4CF647D92E17197600F58316 /* TextQuestionView.swift in Sources */ = {isa = PBXBuildFile; fileRef = 4CF647D82E17197100F58316 /* TextQuestionView.swift */; };
		4CF647DB2E171A7300F58316 /* ImageQuestionView.swift in Sources */ = {isa = PBXBuildFile; fileRef = 4CF647DA2E171A6F00F58316 /* ImageQuestionView.swift */; };
/* End PBXBuildFile section */

/* Begin PBXContainerItemProxy section */
		4C14089E2E148BE0005EF4F6 /* PBXContainerItemProxy */ = {
			isa = PBXContainerItemProxy;
			containerPortal = 4C1408852E148BDE005EF4F6 /* Project object */;
			proxyType = 1;
			remoteGlobalIDString = 4C14088C2E148BDE005EF4F6;
			remoteInfo = SampleAppChallange;
		};
		4C1408A82E148BE0005EF4F6 /* PBXContainerItemProxy */ = {
			isa = PBXContainerItemProxy;
			containerPortal = 4C1408852E148BDE005EF4F6 /* Project object */;
			proxyType = 1;
			remoteGlobalIDString = 4C14088C2E148BDE005EF4F6;
			remoteInfo = SampleAppChallange;
		};
/* End PBXContainerItemProxy section */

/* Begin PBXFileReference section */
		4C0932EB2E15BA6C008A2AFC /* HomeViewModel.swift */ = {isa = PBXFileReference; lastKnownFileType = sourcecode.swift; path = HomeViewModel.swift; sourceTree = "<group>"; };
		4C0932EF2E15BB06008A2AFC /* HomeService.swift */ = {isa = PBXFileReference; lastKnownFileType = sourcecode.swift; path = HomeService.swift; sourceTree = "<group>"; };
		4C0932F22E15BB40008A2AFC /* Dependencies.swift */ = {isa = PBXFileReference; lastKnownFileType = sourcecode.swift; path = Dependencies.swift; sourceTree = "<group>"; };
		4C0932F42E15BB4E008A2AFC /* DependencyInjection.swift */ = {isa = PBXFileReference; lastKnownFileType = sourcecode.swift; path = DependencyInjection.swift; sourceTree = "<group>"; };
		4C0932FC2E15E7AE008A2AFC /* HirerarchyItem.swift */ = {isa = PBXFileReference; lastKnownFileType = sourcecode.swift; path = HirerarchyItem.swift; sourceTree = "<group>"; };
		4C14088D2E148BDE005EF4F6 /* SampleAppChallange.app */ = {isa = PBXFileReference; explicitFileType = wrapper.application; includeInIndex = 0; path = SampleAppChallange.app; sourceTree = BUILT_PRODUCTS_DIR; };
		4C14089D2E148BE0005EF4F6 /* SampleAppChallangeTests.xctest */ = {isa = PBXFileReference; explicitFileType = wrapper.cfbundle; includeInIndex = 0; path = SampleAppChallangeTests.xctest; sourceTree = BUILT_PRODUCTS_DIR; };
		4C1408A72E148BE0005EF4F6 /* SampleAppChallangeUITests.xctest */ = {isa = PBXFileReference; explicitFileType = wrapper.cfbundle; includeInIndex = 0; path = SampleAppChallangeUITests.xctest; sourceTree = BUILT_PRODUCTS_DIR; };
		4C1408BE2E148ED6005EF4F6 /* Assets.xcassets */ = {isa = PBXFileReference; lastKnownFileType = folder.assetcatalog; path = Assets.xcassets; sourceTree = "<group>"; };
		4C1408BF2E148ED6005EF4F6 /* HomeView.swift */ = {isa = PBXFileReference; lastKnownFileType = sourcecode.swift; path = HomeView.swift; sourceTree = "<group>"; };
		4C1408C02E148ED6005EF4F6 /* SampleAppChallangeApp.swift */ = {isa = PBXFileReference; lastKnownFileType = sourcecode.swift; path = SampleAppChallangeApp.swift; sourceTree = "<group>"; };
		4C1408C52E148EDA005EF4F6 /* SampleAppChallangeTests.swift */ = {isa = PBXFileReference; lastKnownFileType = sourcecode.swift; path = SampleAppChallangeTests.swift; sourceTree = "<group>"; };
		4C1408C82E148EDC005EF4F6 /* SampleAppChallangeUITests.swift */ = {isa = PBXFileReference; lastKnownFileType = sourcecode.swift; path = SampleAppChallangeUITests.swift; sourceTree = "<group>"; };
		4C1408C92E148EDC005EF4F6 /* SampleAppChallangeUITestsLaunchTests.swift */ = {isa = PBXFileReference; lastKnownFileType = sourcecode.swift; path = SampleAppChallangeUITestsLaunchTests.swift; sourceTree = "<group>"; };
		4C1408CD2E148EE4005EF4F6 /* QuestionModel.swift */ = {isa = PBXFileReference; lastKnownFileType = sourcecode.swift; path = QuestionModel.swift; sourceTree = "<group>"; };
		4C1408CF2E1490D3005EF4F6 /* SectionModel.swift */ = {isa = PBXFileReference; lastKnownFileType = sourcecode.swift; path = SectionModel.swift; sourceTree = "<group>"; };
		4C1408D12E14911A005EF4F6 /* PageModel.swift */ = {isa = PBXFileReference; lastKnownFileType = sourcecode.swift; path = PageModel.swift; sourceTree = "<group>"; };
		4C1408D42E152E83005EF4F6 /* Request.swift */ = {isa = PBXFileReference; lastKnownFileType = sourcecode.swift; path = Request.swift; sourceTree = "<group>"; };
		4C1408D62E152F51005EF4F6 /* RequestError.swift */ = {isa = PBXFileReference; lastKnownFileType = sourcecode.swift; path = RequestError.swift; sourceTree = "<group>"; };
		4C1408D82E153047005EF4F6 /* Network.swift */ = {isa = PBXFileReference; lastKnownFileType = sourcecode.swift; path = Network.swift; sourceTree = "<group>"; };
		4C1408DA2E1533AF005EF4F6 /* ApiService.swift */ = {isa = PBXFileReference; lastKnownFileType = sourcecode.swift; path = ApiService.swift; sourceTree = "<group>"; };
		4CF647CD2E17084F00F58316 /* FullImageView.swift */ = {isa = PBXFileReference; lastKnownFileType = sourcecode.swift; path = FullImageView.swift; sourceTree = "<group>"; };
		4CF647D02E17157B00F58316 /* PageView.swift */ = {isa = PBXFileReference; lastKnownFileType = sourcecode.swift; path = PageView.swift; sourceTree = "<group>"; };
		4CF647D22E17165E00F58316 /* Constants.swift */ = {isa = PBXFileReference; lastKnownFileType = sourcecode.swift; path = Constants.swift; sourceTree = "<group>"; };
		4CF647D42E17179500F58316 /* HierarchyNodeView.swift */ = {isa = PBXFileReference; lastKnownFileType = sourcecode.swift; path = HierarchyNodeView.swift; sourceTree = "<group>"; };
		4CF647D62E17180B00F58316 /* SectionView.swift */ = {isa = PBXFileReference; lastKnownFileType = sourcecode.swift; path = SectionView.swift; sourceTree = "<group>"; };
		4CF647D82E17197100F58316 /* TextQuestionView.swift */ = {isa = PBXFileReference; lastKnownFileType = sourcecode.swift; path = TextQuestionView.swift; sourceTree = "<group>"; };
		4CF647DA2E171A6F00F58316 /* ImageQuestionView.swift */ = {isa = PBXFileReference; lastKnownFileType = sourcecode.swift; path = ImageQuestionView.swift; sourceTree = "<group>"; };
/* End PBXFileReference section */

/* Begin PBXFrameworksBuildPhase section */
		4C14088A2E148BDE005EF4F6 /* Frameworks */ = {
			isa = PBXFrameworksBuildPhase;
			buildActionMask = 2147483647;
			files = (
			);
			runOnlyForDeploymentPostprocessing = 0;
		};
		4C14089A2E148BE0005EF4F6 /* Frameworks */ = {
			isa = PBXFrameworksBuildPhase;
			buildActionMask = 2147483647;
			files = (
			);
			runOnlyForDeploymentPostprocessing = 0;
		};
		4C1408A42E148BE0005EF4F6 /* Frameworks */ = {
			isa = PBXFrameworksBuildPhase;
			buildActionMask = 2147483647;
			files = (
			);
			runOnlyForDeploymentPostprocessing = 0;
		};
/* End PBXFrameworksBuildPhase section */

/* Begin PBXGroup section */
		4C0932ED2E15BA75008A2AFC /* Home */ = {
			isa = PBXGroup;
			children = (
				4CF647CD2E17084F00F58316 /* FullImageView.swift */,
				4C0932EB2E15BA6C008A2AFC /* HomeViewModel.swift */,
				4C1408BF2E148ED6005EF4F6 /* HomeView.swift */,
			);
			path = Home;
			sourceTree = "<group>";
		};
		4C0932EE2E15BAF5008A2AFC /* Services */ = {
			isa = PBXGroup;
			children = (
				4C0932EF2E15BB06008A2AFC /* HomeService.swift */,
			);
			path = Services;
			sourceTree = "<group>";
		};
		4C0932F12E15BB3B008A2AFC /* Dependency */ = {
			isa = PBXGroup;
			children = (
				4C0932F42E15BB4E008A2AFC /* DependencyInjection.swift */,
				4C0932F22E15BB40008A2AFC /* Dependencies.swift */,
			);
			path = Dependency;
			sourceTree = "<group>";
		};
		4C1408842E148BDE005EF4F6 = {
			isa = PBXGroup;
			children = (
				4C1408C12E148ED6005EF4F6 /* SampleAppChallange */,
				4C1408C62E148EDA005EF4F6 /* SampleAppChallangeTests */,
				4C1408CA2E148EDC005EF4F6 /* SampleAppChallangeUITests */,
				4C14088E2E148BDE005EF4F6 /* Products */,
			);
			sourceTree = "<group>";
		};
		4C14088E2E148BDE005EF4F6 /* Products */ = {
			isa = PBXGroup;
			children = (
				4C14088D2E148BDE005EF4F6 /* SampleAppChallange.app */,
				4C14089D2E148BE0005EF4F6 /* SampleAppChallangeTests.xctest */,
				4C1408A72E148BE0005EF4F6 /* SampleAppChallangeUITests.xctest */,
			);
			name = Products;
			sourceTree = "<group>";
		};
		4C1408BD2E148ED6005EF4F6 /* Model */ = {
			isa = PBXGroup;
			children = (
				4C0932FC2E15E7AE008A2AFC /* HirerarchyItem.swift */,
				4C1408D12E14911A005EF4F6 /* PageModel.swift */,
				4C1408CF2E1490D3005EF4F6 /* SectionModel.swift */,
				4C1408CD2E148EE4005EF4F6 /* QuestionModel.swift */,
			);
			path = Model;
			sourceTree = "<group>";
		};
		4C1408C12E148ED6005EF4F6 /* SampleAppChallange */ = {
			isa = PBXGroup;
			children = (
				4CF647D22E17165E00F58316 /* Constants.swift */,
				4CF647CF2E17155B00F58316 /* ItemViews */,
				4C0932F12E15BB3B008A2AFC /* Dependency */,
				4C0932ED2E15BA75008A2AFC /* Home */,
				4C1408BE2E148ED6005EF4F6 /* Assets.xcassets */,
				4C1408BD2E148ED6005EF4F6 /* Model */,
				4C1408D32E152E7B005EF4F6 /* Network */,
				4C0932EE2E15BAF5008A2AFC /* Services */,
				4C1408C02E148ED6005EF4F6 /* SampleAppChallangeApp.swift */,
			);
			path = SampleAppChallange;
			sourceTree = "<group>";
		};
		4C1408C62E148EDA005EF4F6 /* SampleAppChallangeTests */ = {
			isa = PBXGroup;
			children = (
				4C1408C52E148EDA005EF4F6 /* SampleAppChallangeTests.swift */,
			);
			path = SampleAppChallangeTests;
			sourceTree = "<group>";
		};
		4C1408CA2E148EDC005EF4F6 /* SampleAppChallangeUITests */ = {
			isa = PBXGroup;
			children = (
				4C1408C82E148EDC005EF4F6 /* SampleAppChallangeUITests.swift */,
				4C1408C92E148EDC005EF4F6 /* SampleAppChallangeUITestsLaunchTests.swift */,
			);
			path = SampleAppChallangeUITests;
			sourceTree = "<group>";
		};
		4C1408D32E152E7B005EF4F6 /* Network */ = {
			isa = PBXGroup;
			children = (
				4C1408DA2E1533AF005EF4F6 /* ApiService.swift */,
				4C1408D82E153047005EF4F6 /* Network.swift */,
				4C1408D42E152E83005EF4F6 /* Request.swift */,
				4C1408D62E152F51005EF4F6 /* RequestError.swift */,
			);
			path = Network;
			sourceTree = "<group>";
		};
		4CF647CF2E17155B00F58316 /* ItemViews */ = {
			isa = PBXGroup;
			children = (
				4CF647DA2E171A6F00F58316 /* ImageQuestionView.swift */,
				4CF647D42E17179500F58316 /* HierarchyNodeView.swift */,
				4CF647D02E17157B00F58316 /* PageView.swift */,
				4CF647D62E17180B00F58316 /* SectionView.swift */,
				4CF647D82E17197100F58316 /* TextQuestionView.swift */,
			);
			path = ItemViews;
			sourceTree = "<group>";
		};
/* End PBXGroup section */

/* Begin PBXNativeTarget section */
		4C14088C2E148BDE005EF4F6 /* SampleAppChallange */ = {
			isa = PBXNativeTarget;
			buildConfigurationList = 4C1408B12E148BE0005EF4F6 /* Build configuration list for PBXNativeTarget "SampleAppChallange" */;
			buildPhases = (
				4C1408892E148BDE005EF4F6 /* Sources */,
				4C14088A2E148BDE005EF4F6 /* Frameworks */,
				4C14088B2E148BDE005EF4F6 /* Resources */,
			);
			buildRules = (
			);
			dependencies = (
				4C0932FB2E15C02E008A2AFC /* PBXTargetDependency */,
			);
			name = SampleAppChallange;
			packageProductDependencies = (
			);
			productName = SampleAppChallange;
			productReference = 4C14088D2E148BDE005EF4F6 /* SampleAppChallange.app */;
			productType = "com.apple.product-type.application";
		};
		4C14089C2E148BE0005EF4F6 /* SampleAppChallangeTests */ = {
			isa = PBXNativeTarget;
			buildConfigurationList = 4C1408B42E148BE0005EF4F6 /* Build configuration list for PBXNativeTarget "SampleAppChallangeTests" */;
			buildPhases = (
				4C1408992E148BE0005EF4F6 /* Sources */,
				4C14089A2E148BE0005EF4F6 /* Frameworks */,
				4C14089B2E148BE0005EF4F6 /* Resources */,
			);
			buildRules = (
			);
			dependencies = (
				4C14089F2E148BE0005EF4F6 /* PBXTargetDependency */,
			);
			name = SampleAppChallangeTests;
			packageProductDependencies = (
			);
			productName = SampleAppChallangeTests;
			productReference = 4C14089D2E148BE0005EF4F6 /* SampleAppChallangeTests.xctest */;
			productType = "com.apple.product-type.bundle.unit-test";
		};
		4C1408A62E148BE0005EF4F6 /* SampleAppChallangeUITests */ = {
			isa = PBXNativeTarget;
			buildConfigurationList = 4C1408B72E148BE0005EF4F6 /* Build configuration list for PBXNativeTarget "SampleAppChallangeUITests" */;
			buildPhases = (
				4C1408A32E148BE0005EF4F6 /* Sources */,
				4C1408A42E148BE0005EF4F6 /* Frameworks */,
				4C1408A52E148BE0005EF4F6 /* Resources */,
			);
			buildRules = (
			);
			dependencies = (
				4C1408A92E148BE0005EF4F6 /* PBXTargetDependency */,
			);
			name = SampleAppChallangeUITests;
			packageProductDependencies = (
			);
			productName = SampleAppChallangeUITests;
			productReference = 4C1408A72E148BE0005EF4F6 /* SampleAppChallangeUITests.xctest */;
			productType = "com.apple.product-type.bundle.ui-testing";
		};
/* End PBXNativeTarget section */

/* Begin PBXProject section */
		4C1408852E148BDE005EF4F6 /* Project object */ = {
			isa = PBXProject;
			attributes = {
				BuildIndependentTargetsInParallel = 1;
				LastSwiftUpdateCheck = 1610;
				LastUpgradeCheck = 1610;
				TargetAttributes = {
					4C14088C2E148BDE005EF4F6 = {
						CreatedOnToolsVersion = 16.1;
					};
					4C14089C2E148BE0005EF4F6 = {
						CreatedOnToolsVersion = 16.1;
						TestTargetID = 4C14088C2E148BDE005EF4F6;
					};
					4C1408A62E148BE0005EF4F6 = {
						CreatedOnToolsVersion = 16.1;
						TestTargetID = 4C14088C2E148BDE005EF4F6;
					};
				};
			};
			buildConfigurationList = 4C1408882E148BDE005EF4F6 /* Build configuration list for PBXProject "SampleAppChallange" */;
			developmentRegion = en;
			hasScannedForEncodings = 0;
			knownRegions = (
				en,
				Base,
			);
			mainGroup = 4C1408842E148BDE005EF4F6;
			minimizedProjectReferenceProxies = 1;
			packageReferences = (
				4C0932F72E15BF14008A2AFC /* XCRemoteSwiftPackageReference "SwiftLintPlugins" */,
			);
			preferredProjectObjectVersion = 77;
			productRefGroup = 4C14088E2E148BDE005EF4F6 /* Products */;
			projectDirPath = "";
			projectRoot = "";
			targets = (
				4C14088C2E148BDE005EF4F6 /* SampleAppChallange */,
				4C14089C2E148BE0005EF4F6 /* SampleAppChallangeTests */,
				4C1408A62E148BE0005EF4F6 /* SampleAppChallangeUITests */,
			);
		};
/* End PBXProject section */

/* Begin PBXResourcesBuildPhase section */
		4C14088B2E148BDE005EF4F6 /* Resources */ = {
			isa = PBXResourcesBuildPhase;
			buildActionMask = 2147483647;
			files = (
				4C1408C42E148ED7005EF4F6 /* Assets.xcassets in Resources */,
			);
			runOnlyForDeploymentPostprocessing = 0;
		};
		4C14089B2E148BE0005EF4F6 /* Resources */ = {
			isa = PBXResourcesBuildPhase;
			buildActionMask = 2147483647;
			files = (
			);
			runOnlyForDeploymentPostprocessing = 0;
		};
		4C1408A52E148BE0005EF4F6 /* Resources */ = {
			isa = PBXResourcesBuildPhase;
			buildActionMask = 2147483647;
			files = (
			);
			runOnlyForDeploymentPostprocessing = 0;
		};
/* End PBXResourcesBuildPhase section */

/* Begin PBXSourcesBuildPhase section */
		4C1408892E148BDE005EF4F6 /* Sources */ = {
			isa = PBXSourcesBuildPhase;
			buildActionMask = 2147483647;
			files = (
				4CF647D52E17179C00F58316 /* HierarchyNodeView.swift in Sources */,
				4CF647D92E17197600F58316 /* TextQuestionView.swift in Sources */,
				4CF647CE2E17085E00F58316 /* FullImageView.swift in Sources */,
				4CF647D12E17157F00F58316 /* PageView.swift in Sources */,
				4C0932F32E15BB44008A2AFC /* Dependencies.swift in Sources */,
				4CF647D72E17180E00F58316 /* SectionView.swift in Sources */,
				4C1408D72E152F54005EF4F6 /* RequestError.swift in Sources */,
				4C1408CE2E148F00005EF4F6 /* QuestionModel.swift in Sources */,
				4C1408D92E153049005EF4F6 /* Network.swift in Sources */,
				4C0932EC2E15BA71008A2AFC /* HomeViewModel.swift in Sources */,
				4C1408D52E152E85005EF4F6 /* Request.swift in Sources */,
				4C1408D22E14911D005EF4F6 /* PageModel.swift in Sources */,
				4C1408DB2E1533B2005EF4F6 /* ApiService.swift in Sources */,
				4C1408C22E148ED7005EF4F6 /* HomeView.swift in Sources */,
				4CF647D32E17166600F58316 /* Constants.swift in Sources */,
				4C0932F02E15BB09008A2AFC /* HomeService.swift in Sources */,
				4CF647DB2E171A7300F58316 /* ImageQuestionView.swift in Sources */,
				4C0932F52E15BB4E008A2AFC /* DependencyInjection.swift in Sources */,
				4C1408C32E148ED7005EF4F6 /* SampleAppChallangeApp.swift in Sources */,
				4C1408D02E1490D7005EF4F6 /* SectionModel.swift in Sources */,
				4C0932FD2E15E7B4008A2AFC /* HirerarchyItem.swift in Sources */,
			);
			runOnlyForDeploymentPostprocessing = 0;
		};
		4C1408992E148BE0005EF4F6 /* Sources */ = {
			isa = PBXSourcesBuildPhase;
			buildActionMask = 2147483647;
			files = (
				4C1408C72E148EDA005EF4F6 /* SampleAppChallangeTests.swift in Sources */,
			);
			runOnlyForDeploymentPostprocessing = 0;
		};
		4C1408A32E148BE0005EF4F6 /* Sources */ = {
			isa = PBXSourcesBuildPhase;
			buildActionMask = 2147483647;
			files = (
				4C1408CB2E148EDC005EF4F6 /* SampleAppChallangeUITests.swift in Sources */,
				4C1408CC2E148EDC005EF4F6 /* SampleAppChallangeUITestsLaunchTests.swift in Sources */,
			);
			runOnlyForDeploymentPostprocessing = 0;
		};
/* End PBXSourcesBuildPhase section */

/* Begin PBXTargetDependency section */
		4C0932FB2E15C02E008A2AFC /* PBXTargetDependency */ = {
			isa = PBXTargetDependency;
			productRef = 4C0932FA2E15C02E008A2AFC /* SwiftLintBuildToolPlugin */;
		};
		4C14089F2E148BE0005EF4F6 /* PBXTargetDependency */ = {
			isa = PBXTargetDependency;
			target = 4C14088C2E148BDE005EF4F6 /* SampleAppChallange */;
			targetProxy = 4C14089E2E148BE0005EF4F6 /* PBXContainerItemProxy */;
		};
		4C1408A92E148BE0005EF4F6 /* PBXTargetDependency */ = {
			isa = PBXTargetDependency;
			target = 4C14088C2E148BDE005EF4F6 /* SampleAppChallange */;
			targetProxy = 4C1408A82E148BE0005EF4F6 /* PBXContainerItemProxy */;
		};
/* End PBXTargetDependency section */

/* Begin XCBuildConfiguration section */
		4C1408AF2E148BE0005EF4F6 /* Debug */ = {
			isa = XCBuildConfiguration;
			buildSettings = {
				ALWAYS_SEARCH_USER_PATHS = NO;
				ASSETCATALOG_COMPILER_GENERATE_SWIFT_ASSET_SYMBOL_EXTENSIONS = YES;
				CLANG_ANALYZER_NONNULL = YES;
				CLANG_ANALYZER_NUMBER_OBJECT_CONVERSION = YES_AGGRESSIVE;
				CLANG_CXX_LANGUAGE_STANDARD = "gnu++20";
				CLANG_ENABLE_MODULES = YES;
				CLANG_ENABLE_OBJC_ARC = YES;
				CLANG_ENABLE_OBJC_WEAK = YES;
				CLANG_WARN_BLOCK_CAPTURE_AUTORELEASING = YES;
				CLANG_WARN_BOOL_CONVERSION = YES;
				CLANG_WARN_COMMA = YES;
				CLANG_WARN_CONSTANT_CONVERSION = YES;
				CLANG_WARN_DEPRECATED_OBJC_IMPLEMENTATIONS = YES;
				CLANG_WARN_DIRECT_OBJC_ISA_USAGE = YES_ERROR;
				CLANG_WARN_DOCUMENTATION_COMMENTS = YES;
				CLANG_WARN_EMPTY_BODY = YES;
				CLANG_WARN_ENUM_CONVERSION = YES;
				CLANG_WARN_INFINITE_RECURSION = YES;
				CLANG_WARN_INT_CONVERSION = YES;
				CLANG_WARN_NON_LITERAL_NULL_CONVERSION = YES;
				CLANG_WARN_OBJC_IMPLICIT_RETAIN_SELF = YES;
				CLANG_WARN_OBJC_LITERAL_CONVERSION = YES;
				CLANG_WARN_OBJC_ROOT_CLASS = YES_ERROR;
				CLANG_WARN_QUOTED_INCLUDE_IN_FRAMEWORK_HEADER = YES;
				CLANG_WARN_RANGE_LOOP_ANALYSIS = YES;
				CLANG_WARN_STRICT_PROTOTYPES = YES;
				CLANG_WARN_SUSPICIOUS_MOVE = YES;
				CLANG_WARN_UNGUARDED_AVAILABILITY = YES_AGGRESSIVE;
				CLANG_WARN_UNREACHABLE_CODE = YES;
				CLANG_WARN__DUPLICATE_METHOD_MATCH = YES;
				COPY_PHASE_STRIP = NO;
				DEBUG_INFORMATION_FORMAT = dwarf;
				ENABLE_STRICT_OBJC_MSGSEND = YES;
				ENABLE_TESTABILITY = YES;
				ENABLE_USER_SCRIPT_SANDBOXING = YES;
				GCC_C_LANGUAGE_STANDARD = gnu17;
				GCC_DYNAMIC_NO_PIC = NO;
				GCC_NO_COMMON_BLOCKS = YES;
				GCC_OPTIMIZATION_LEVEL = 0;
				GCC_PREPROCESSOR_DEFINITIONS = (
					"DEBUG=1",
					"$(inherited)",
				);
				GCC_WARN_64_TO_32_BIT_CONVERSION = YES;
				GCC_WARN_ABOUT_RETURN_TYPE = YES_ERROR;
				GCC_WARN_UNDECLARED_SELECTOR = YES;
				GCC_WARN_UNINITIALIZED_AUTOS = YES_AGGRESSIVE;
				GCC_WARN_UNUSED_FUNCTION = YES;
				GCC_WARN_UNUSED_VARIABLE = YES;
				IPHONEOS_DEPLOYMENT_TARGET = 18.1;
				LOCALIZATION_PREFERS_STRING_CATALOGS = YES;
				MTL_ENABLE_DEBUG_INFO = INCLUDE_SOURCE;
				MTL_FAST_MATH = YES;
				ONLY_ACTIVE_ARCH = YES;
				SDKROOT = iphoneos;
				SWIFT_ACTIVE_COMPILATION_CONDITIONS = "DEBUG $(inherited)";
				SWIFT_OPTIMIZATION_LEVEL = "-Onone";
			};
			name = Debug;
		};
		4C1408B02E148BE0005EF4F6 /* Release */ = {
			isa = XCBuildConfiguration;
			buildSettings = {
				ALWAYS_SEARCH_USER_PATHS = NO;
				ASSETCATALOG_COMPILER_GENERATE_SWIFT_ASSET_SYMBOL_EXTENSIONS = YES;
				CLANG_ANALYZER_NONNULL = YES;
				CLANG_ANALYZER_NUMBER_OBJECT_CONVERSION = YES_AGGRESSIVE;
				CLANG_CXX_LANGUAGE_STANDARD = "gnu++20";
				CLANG_ENABLE_MODULES = YES;
				CLANG_ENABLE_OBJC_ARC = YES;
				CLANG_ENABLE_OBJC_WEAK = YES;
				CLANG_WARN_BLOCK_CAPTURE_AUTORELEASING = YES;
				CLANG_WARN_BOOL_CONVERSION = YES;
				CLANG_WARN_COMMA = YES;
				CLANG_WARN_CONSTANT_CONVERSION = YES;
				CLANG_WARN_DEPRECATED_OBJC_IMPLEMENTATIONS = YES;
				CLANG_WARN_DIRECT_OBJC_ISA_USAGE = YES_ERROR;
				CLANG_WARN_DOCUMENTATION_COMMENTS = YES;
				CLANG_WARN_EMPTY_BODY = YES;
				CLANG_WARN_ENUM_CONVERSION = YES;
				CLANG_WARN_INFINITE_RECURSION = YES;
				CLANG_WARN_INT_CONVERSION = YES;
				CLANG_WARN_NON_LITERAL_NULL_CONVERSION = YES;
				CLANG_WARN_OBJC_IMPLICIT_RETAIN_SELF = YES;
				CLANG_WARN_OBJC_LITERAL_CONVERSION = YES;
				CLANG_WARN_OBJC_ROOT_CLASS = YES_ERROR;
				CLANG_WARN_QUOTED_INCLUDE_IN_FRAMEWORK_HEADER = YES;
				CLANG_WARN_RANGE_LOOP_ANALYSIS = YES;
				CLANG_WARN_STRICT_PROTOTYPES = YES;
				CLANG_WARN_SUSPICIOUS_MOVE = YES;
				CLANG_WARN_UNGUARDED_AVAILABILITY = YES_AGGRESSIVE;
				CLANG_WARN_UNREACHABLE_CODE = YES;
				CLANG_WARN__DUPLICATE_METHOD_MATCH = YES;
				COPY_PHASE_STRIP = NO;
				DEBUG_INFORMATION_FORMAT = "dwarf-with-dsym";
				ENABLE_NS_ASSERTIONS = NO;
				ENABLE_STRICT_OBJC_MSGSEND = YES;
				ENABLE_USER_SCRIPT_SANDBOXING = YES;
				GCC_C_LANGUAGE_STANDARD = gnu17;
				GCC_NO_COMMON_BLOCKS = YES;
				GCC_WARN_64_TO_32_BIT_CONVERSION = YES;
				GCC_WARN_ABOUT_RETURN_TYPE = YES_ERROR;
				GCC_WARN_UNDECLARED_SELECTOR = YES;
				GCC_WARN_UNINITIALIZED_AUTOS = YES_AGGRESSIVE;
				GCC_WARN_UNUSED_FUNCTION = YES;
				GCC_WARN_UNUSED_VARIABLE = YES;
				IPHONEOS_DEPLOYMENT_TARGET = 18.1;
				LOCALIZATION_PREFERS_STRING_CATALOGS = YES;
				MTL_ENABLE_DEBUG_INFO = NO;
				MTL_FAST_MATH = YES;
				SDKROOT = iphoneos;
				SWIFT_COMPILATION_MODE = wholemodule;
				VALIDATE_PRODUCT = YES;
			};
			name = Release;
		};
		4C1408B22E148BE0005EF4F6 /* Debug */ = {
			isa = XCBuildConfiguration;
			buildSettings = {
				ASSETCATALOG_COMPILER_APPICON_NAME = AppIcon;
				ASSETCATALOG_COMPILER_GLOBAL_ACCENT_COLOR_NAME = AccentColor;
				CODE_SIGN_STYLE = Automatic;
				CURRENT_PROJECT_VERSION = 1;
				DEVELOPMENT_TEAM = 5392CWJ939;
				ENABLE_PREVIEWS = YES;
				GENERATE_INFOPLIST_FILE = YES;
				INFOPLIST_KEY_UIApplicationSceneManifest_Generation = YES;
				INFOPLIST_KEY_UIApplicationSupportsIndirectInputEvents = YES;
				INFOPLIST_KEY_UILaunchScreen_Generation = YES;
				INFOPLIST_KEY_UISupportedInterfaceOrientations_iPad = "UIInterfaceOrientationPortrait UIInterfaceOrientationPortraitUpsideDown UIInterfaceOrientationLandscapeLeft UIInterfaceOrientationLandscapeRight";
				INFOPLIST_KEY_UISupportedInterfaceOrientations_iPhone = "UIInterfaceOrientationPortrait UIInterfaceOrientationLandscapeLeft UIInterfaceOrientationLandscapeRight";
				IPHONEOS_DEPLOYMENT_TARGET = 16.0;
				LD_RUNPATH_SEARCH_PATHS = (
					"$(inherited)",
					"@executable_path/Frameworks",
				);
				MARKETING_VERSION = 1.0;
				PRODUCT_BUNDLE_IDENTIFIER = berfinnurOktay.SampleAppChallange;
				PRODUCT_NAME = "$(TARGET_NAME)";
				SWIFT_EMIT_LOC_STRINGS = YES;
				SWIFT_VERSION = 5.0;
				TARGETED_DEVICE_FAMILY = "1,2";
			};
			name = Debug;
		};
		4C1408B32E148BE0005EF4F6 /* Release */ = {
			isa = XCBuildConfiguration;
			buildSettings = {
				ASSETCATALOG_COMPILER_APPICON_NAME = AppIcon;
				ASSETCATALOG_COMPILER_GLOBAL_ACCENT_COLOR_NAME = AccentColor;
				CODE_SIGN_STYLE = Automatic;
				CURRENT_PROJECT_VERSION = 1;
				DEVELOPMENT_TEAM = 5392CWJ939;
				ENABLE_PREVIEWS = YES;
				GENERATE_INFOPLIST_FILE = YES;
				INFOPLIST_KEY_UIApplicationSceneManifest_Generation = YES;
				INFOPLIST_KEY_UIApplicationSupportsIndirectInputEvents = YES;
				INFOPLIST_KEY_UILaunchScreen_Generation = YES;
				INFOPLIST_KEY_UISupportedInterfaceOrientations_iPad = "UIInterfaceOrientationPortrait UIInterfaceOrientationPortraitUpsideDown UIInterfaceOrientationLandscapeLeft UIInterfaceOrientationLandscapeRight";
				INFOPLIST_KEY_UISupportedInterfaceOrientations_iPhone = "UIInterfaceOrientationPortrait UIInterfaceOrientationLandscapeLeft UIInterfaceOrientationLandscapeRight";
				IPHONEOS_DEPLOYMENT_TARGET = 16.0;
				LD_RUNPATH_SEARCH_PATHS = (
					"$(inherited)",
					"@executable_path/Frameworks",
				);
				MARKETING_VERSION = 1.0;
				PRODUCT_BUNDLE_IDENTIFIER = berfinnurOktay.SampleAppChallange;
				PRODUCT_NAME = "$(TARGET_NAME)";
				SWIFT_EMIT_LOC_STRINGS = YES;
				SWIFT_VERSION = 5.0;
				TARGETED_DEVICE_FAMILY = "1,2";
			};
			name = Release;
		};
		4C1408B52E148BE0005EF4F6 /* Debug */ = {
			isa = XCBuildConfiguration;
			buildSettings = {
				BUNDLE_LOADER = "$(TEST_HOST)";
				CODE_SIGN_STYLE = Automatic;
				CURRENT_PROJECT_VERSION = 1;
				DEVELOPMENT_TEAM = 5392CWJ939;
				GENERATE_INFOPLIST_FILE = YES;
				IPHONEOS_DEPLOYMENT_TARGET = 16.0;
				MARKETING_VERSION = 1.0;
				PRODUCT_BUNDLE_IDENTIFIER = berfinnurOktay.SampleAppChallangeTests;
				PRODUCT_NAME = "$(TARGET_NAME)";
				SWIFT_EMIT_LOC_STRINGS = NO;
				SWIFT_VERSION = 5.0;
				TARGETED_DEVICE_FAMILY = "1,2";
				TEST_HOST = "$(BUILT_PRODUCTS_DIR)/SampleAppChallange.app/$(BUNDLE_EXECUTABLE_FOLDER_PATH)/SampleAppChallange";
			};
			name = Debug;
		};
		4C1408B62E148BE0005EF4F6 /* Release */ = {
			isa = XCBuildConfiguration;
			buildSettings = {
				BUNDLE_LOADER = "$(TEST_HOST)";
				CODE_SIGN_STYLE = Automatic;
				CURRENT_PROJECT_VERSION = 1;
				DEVELOPMENT_TEAM = 5392CWJ939;
				GENERATE_INFOPLIST_FILE = YES;
				IPHONEOS_DEPLOYMENT_TARGET = 16.0;
				MARKETING_VERSION = 1.0;
				PRODUCT_BUNDLE_IDENTIFIER = berfinnurOktay.SampleAppChallangeTests;
				PRODUCT_NAME = "$(TARGET_NAME)";
				SWIFT_EMIT_LOC_STRINGS = NO;
				SWIFT_VERSION = 5.0;
				TARGETED_DEVICE_FAMILY = "1,2";
				TEST_HOST = "$(BUILT_PRODUCTS_DIR)/SampleAppChallange.app/$(BUNDLE_EXECUTABLE_FOLDER_PATH)/SampleAppChallange";
			};
			name = Release;
		};
		4C1408B82E148BE0005EF4F6 /* Debug */ = {
			isa = XCBuildConfiguration;
			buildSettings = {
				CODE_SIGN_STYLE = Automatic;
				CURRENT_PROJECT_VERSION = 1;
				DEVELOPMENT_TEAM = 5392CWJ939;
				GENERATE_INFOPLIST_FILE = YES;
				IPHONEOS_DEPLOYMENT_TARGET = 16.0;
				MARKETING_VERSION = 1.0;
				PRODUCT_BUNDLE_IDENTIFIER = berfinnurOktay.SampleAppChallangeUITests;
				PRODUCT_NAME = "$(TARGET_NAME)";
				SWIFT_EMIT_LOC_STRINGS = NO;
				SWIFT_VERSION = 5.0;
				TARGETED_DEVICE_FAMILY = "1,2";
				TEST_TARGET_NAME = SampleAppChallange;
			};
			name = Debug;
		};
		4C1408B92E148BE0005EF4F6 /* Release */ = {
			isa = XCBuildConfiguration;
			buildSettings = {
				CODE_SIGN_STYLE = Automatic;
				CURRENT_PROJECT_VERSION = 1;
				DEVELOPMENT_TEAM = 5392CWJ939;
				GENERATE_INFOPLIST_FILE = YES;
				IPHONEOS_DEPLOYMENT_TARGET = 16.0;
				MARKETING_VERSION = 1.0;
				PRODUCT_BUNDLE_IDENTIFIER = berfinnurOktay.SampleAppChallangeUITests;
				PRODUCT_NAME = "$(TARGET_NAME)";
				SWIFT_EMIT_LOC_STRINGS = NO;
				SWIFT_VERSION = 5.0;
				TARGETED_DEVICE_FAMILY = "1,2";
				TEST_TARGET_NAME = SampleAppChallange;
			};
			name = Release;
		};
/* End XCBuildConfiguration section */

/* Begin XCConfigurationList section */
		4C1408882E148BDE005EF4F6 /* Build configuration list for PBXProject "SampleAppChallange" */ = {
			isa = XCConfigurationList;
			buildConfigurations = (
				4C1408AF2E148BE0005EF4F6 /* Debug */,
				4C1408B02E148BE0005EF4F6 /* Release */,
			);
			defaultConfigurationIsVisible = 0;
			defaultConfigurationName = Release;
		};
		4C1408B12E148BE0005EF4F6 /* Build configuration list for PBXNativeTarget "SampleAppChallange" */ = {
			isa = XCConfigurationList;
			buildConfigurations = (
				4C1408B22E148BE0005EF4F6 /* Debug */,
				4C1408B32E148BE0005EF4F6 /* Release */,
			);
			defaultConfigurationIsVisible = 0;
			defaultConfigurationName = Release;
		};
		4C1408B42E148BE0005EF4F6 /* Build configuration list for PBXNativeTarget "SampleAppChallangeTests" */ = {
			isa = XCConfigurationList;
			buildConfigurations = (
				4C1408B52E148BE0005EF4F6 /* Debug */,
				4C1408B62E148BE0005EF4F6 /* Release */,
			);
			defaultConfigurationIsVisible = 0;
			defaultConfigurationName = Release;
		};
		4C1408B72E148BE0005EF4F6 /* Build configuration list for PBXNativeTarget "SampleAppChallangeUITests" */ = {
			isa = XCConfigurationList;
			buildConfigurations = (
				4C1408B82E148BE0005EF4F6 /* Debug */,
				4C1408B92E148BE0005EF4F6 /* Release */,
			);
			defaultConfigurationIsVisible = 0;
			defaultConfigurationName = Release;
		};
/* End XCConfigurationList section */

/* Begin XCRemoteSwiftPackageReference section */
		4C0932F72E15BF14008A2AFC /* XCRemoteSwiftPackageReference "SwiftLintPlugins" */ = {
			isa = XCRemoteSwiftPackageReference;
			repositoryURL = "https://github.com/SimplyDanny/SwiftLintPlugins";
			requirement = {
				kind = upToNextMajorVersion;
				minimumVersion = 0.59.1;
			};
		};
/* End XCRemoteSwiftPackageReference section */

/* Begin XCSwiftPackageProductDependency section */
		4C0932FA2E15C02E008A2AFC /* SwiftLintBuildToolPlugin */ = {
			isa = XCSwiftPackageProductDependency;
			package = 4C0932F72E15BF14008A2AFC /* XCRemoteSwiftPackageReference "SwiftLintPlugins" */;
			productName = "plugin:SwiftLintBuildToolPlugin";
		};
/* End XCSwiftPackageProductDependency section */
	};
	rootObject = 4C1408852E148BDE005EF4F6 /* Project object */;
}
